// !$*UTF8*$!
{
	archiveVersion = 1;
	classes = {
	};
	objectVersion = 50;
	objects = {

/* Begin PBXBuildFile section */
		576558E8217616A20021D545 /* AppDelegate.swift in Sources */ = {isa = PBXBuildFile; fileRef = 576558E7217616A20021D545 /* AppDelegate.swift */; };
		576558EA217616A20021D545 /* CharacteristicsPeopleViewController.swift in Sources */ = {isa = PBXBuildFile; fileRef = 576558E9217616A20021D545 /* CharacteristicsPeopleViewController.swift */; };
		576558ED217616A20021D545 /* Main.storyboard in Resources */ = {isa = PBXBuildFile; fileRef = 576558EB217616A20021D545 /* Main.storyboard */; };
		576558F0217616A20021D545 /* AnimersGhibli.xcdatamodeld in Sources */ = {isa = PBXBuildFile; fileRef = 576558EE217616A20021D545 /* AnimersGhibli.xcdatamodeld */; };
		576558F2217616A30021D545 /* Assets.xcassets in Resources */ = {isa = PBXBuildFile; fileRef = 576558F1217616A30021D545 /* Assets.xcassets */; };
		576558F5217616A30021D545 /* LaunchScreen.storyboard in Resources */ = {isa = PBXBuildFile; fileRef = 576558F3217616A30021D545 /* LaunchScreen.storyboard */; };
		576558FD21761D6F0021D545 /* APIManager.swift in Sources */ = {isa = PBXBuildFile; fileRef = 576558FC21761D6F0021D545 /* APIManager.swift */; };
		576558FF21762A470021D545 /* DataFileManager.swift in Sources */ = {isa = PBXBuildFile; fileRef = 576558FE21762A470021D545 /* DataFileManager.swift */; };
		57655901217757440021D545 /* HomeViewController.swift in Sources */ = {isa = PBXBuildFile; fileRef = 57655900217757440021D545 /* HomeViewController.swift */; };
		57655903217758130021D545 /* SearchViewController.swift in Sources */ = {isa = PBXBuildFile; fileRef = 57655902217758130021D545 /* SearchViewController.swift */; };
		57655905217758340021D545 /* QuizViewController.swift in Sources */ = {isa = PBXBuildFile; fileRef = 57655904217758340021D545 /* QuizViewController.swift */; };
		5765590821775B270021D545 /* CustomCollectionViewCell.swift in Sources */ = {isa = PBXBuildFile; fileRef = 5765590721775B270021D545 /* CustomCollectionViewCell.swift */; };
		5765590A21776C6C0021D545 /* MovieDataTransferObject.swift in Sources */ = {isa = PBXBuildFile; fileRef = 5765590921776C6C0021D545 /* MovieDataTransferObject.swift */; };
		5765590D21776EBC0021D545 /* DataStore.swift in Sources */ = {isa = PBXBuildFile; fileRef = 5765590C21776EBC0021D545 /* DataStore.swift */; };
		5765590F2178AB000021D545 /* DetailsViewController.swift in Sources */ = {isa = PBXBuildFile; fileRef = 5765590E2178AB000021D545 /* DetailsViewController.swift */; };
		57655913217918050021D545 /* SpecieData TransferObject.swift in Sources */ = {isa = PBXBuildFile; fileRef = 57655912217918050021D545 /* SpecieData TransferObject.swift */; };
		57655915217918500021D545 /* LocationDataTransferObject.swift in Sources */ = {isa = PBXBuildFile; fileRef = 57655914217918500021D545 /* LocationDataTransferObject.swift */; };
		57655917217918860021D545 /* VehicleDataTransferObject.swift in Sources */ = {isa = PBXBuildFile; fileRef = 57655916217918860021D545 /* VehicleDataTransferObject.swift */; };
		5765591F21792F750021D545 /* PeopleDataTransferObject.swift in Sources */ = {isa = PBXBuildFile; fileRef = 5765591E21792F750021D545 /* PeopleDataTransferObject.swift */; };
		57655921217E0A030021D545 /* LoadingScreenDelegate.swift in Sources */ = {isa = PBXBuildFile; fileRef = 57655920217E0A030021D545 /* LoadingScreenDelegate.swift */; };
		577EAA35217F6A110041CF56 /* ScoreViewController.swift in Sources */ = {isa = PBXBuildFile; fileRef = 577EAA34217F6A110041CF56 /* ScoreViewController.swift */; };
		577EAA37217F6CA20041CF56 /* CoreDataManager.swift in Sources */ = {isa = PBXBuildFile; fileRef = 577EAA36217F6CA20041CF56 /* CoreDataManager.swift */; };
/* End PBXBuildFile section */

/* Begin PBXFileReference section */
		576558E4217616A20021D545 /* AnimersGhibli.app */ = {isa = PBXFileReference; explicitFileType = wrapper.application; includeInIndex = 0; path = AnimersGhibli.app; sourceTree = BUILT_PRODUCTS_DIR; };
		576558E7217616A20021D545 /* AppDelegate.swift */ = {isa = PBXFileReference; lastKnownFileType = sourcecode.swift; path = AppDelegate.swift; sourceTree = "<group>"; };
		576558E9217616A20021D545 /* CharacteristicsPeopleViewController.swift */ = {isa = PBXFileReference; lastKnownFileType = sourcecode.swift; path = CharacteristicsPeopleViewController.swift; sourceTree = "<group>"; };
		576558EC217616A20021D545 /* Base */ = {isa = PBXFileReference; lastKnownFileType = file.storyboard; name = Base; path = Base.lproj/Main.storyboard; sourceTree = "<group>"; };
		576558EF217616A20021D545 /* AnimersGhibli.xcdatamodel */ = {isa = PBXFileReference; lastKnownFileType = wrapper.xcdatamodel; path = AnimersGhibli.xcdatamodel; sourceTree = "<group>"; };
		576558F1217616A30021D545 /* Assets.xcassets */ = {isa = PBXFileReference; lastKnownFileType = folder.assetcatalog; path = Assets.xcassets; sourceTree = "<group>"; };
		576558F4217616A30021D545 /* Base */ = {isa = PBXFileReference; lastKnownFileType = file.storyboard; name = Base; path = Base.lproj/LaunchScreen.storyboard; sourceTree = "<group>"; };
		576558F6217616A30021D545 /* Info.plist */ = {isa = PBXFileReference; lastKnownFileType = text.plist.xml; path = Info.plist; sourceTree = "<group>"; };
		576558FC21761D6F0021D545 /* APIManager.swift */ = {isa = PBXFileReference; lastKnownFileType = sourcecode.swift; path = APIManager.swift; sourceTree = "<group>"; };
		576558FE21762A470021D545 /* DataFileManager.swift */ = {isa = PBXFileReference; lastKnownFileType = sourcecode.swift; path = DataFileManager.swift; sourceTree = "<group>"; };
		57655900217757440021D545 /* HomeViewController.swift */ = {isa = PBXFileReference; lastKnownFileType = sourcecode.swift; path = HomeViewController.swift; sourceTree = "<group>"; };
		57655902217758130021D545 /* SearchViewController.swift */ = {isa = PBXFileReference; lastKnownFileType = sourcecode.swift; path = SearchViewController.swift; sourceTree = "<group>"; };
		57655904217758340021D545 /* QuizViewController.swift */ = {isa = PBXFileReference; lastKnownFileType = sourcecode.swift; path = QuizViewController.swift; sourceTree = "<group>"; };
		5765590721775B270021D545 /* CustomCollectionViewCell.swift */ = {isa = PBXFileReference; lastKnownFileType = sourcecode.swift; path = CustomCollectionViewCell.swift; sourceTree = "<group>"; };
		5765590921776C6C0021D545 /* MovieDataTransferObject.swift */ = {isa = PBXFileReference; lastKnownFileType = sourcecode.swift; path = MovieDataTransferObject.swift; sourceTree = "<group>"; };
		5765590C21776EBC0021D545 /* DataStore.swift */ = {isa = PBXFileReference; lastKnownFileType = sourcecode.swift; path = DataStore.swift; sourceTree = "<group>"; };
		5765590E2178AB000021D545 /* DetailsViewController.swift */ = {isa = PBXFileReference; lastKnownFileType = sourcecode.swift; path = DetailsViewController.swift; sourceTree = "<group>"; };
		57655912217918050021D545 /* SpecieData TransferObject.swift */ = {isa = PBXFileReference; lastKnownFileType = sourcecode.swift; path = "SpecieData TransferObject.swift"; sourceTree = "<group>"; };
		57655914217918500021D545 /* LocationDataTransferObject.swift */ = {isa = PBXFileReference; lastKnownFileType = sourcecode.swift; path = LocationDataTransferObject.swift; sourceTree = "<group>"; };
		57655916217918860021D545 /* VehicleDataTransferObject.swift */ = {isa = PBXFileReference; lastKnownFileType = sourcecode.swift; path = VehicleDataTransferObject.swift; sourceTree = "<group>"; };
		5765591E21792F750021D545 /* PeopleDataTransferObject.swift */ = {isa = PBXFileReference; lastKnownFileType = sourcecode.swift; path = PeopleDataTransferObject.swift; sourceTree = "<group>"; };
		57655920217E0A030021D545 /* LoadingScreenDelegate.swift */ = {isa = PBXFileReference; lastKnownFileType = sourcecode.swift; path = LoadingScreenDelegate.swift; sourceTree = "<group>"; };
		577EAA34217F6A110041CF56 /* ScoreViewController.swift */ = {isa = PBXFileReference; lastKnownFileType = sourcecode.swift; path = ScoreViewController.swift; sourceTree = "<group>"; };
		577EAA36217F6CA20041CF56 /* CoreDataManager.swift */ = {isa = PBXFileReference; lastKnownFileType = sourcecode.swift; path = CoreDataManager.swift; sourceTree = "<group>"; };
/* End PBXFileReference section */

/* Begin PBXFrameworksBuildPhase section */
		576558E1217616A20021D545 /* Frameworks */ = {
			isa = PBXFrameworksBuildPhase;
			buildActionMask = 2147483647;
			files = (
			);
			runOnlyForDeploymentPostprocessing = 0;
		};
/* End PBXFrameworksBuildPhase section */

/* Begin PBXGroup section */
		576558DB217616A20021D545 = {
			isa = PBXGroup;
			children = (
				576558E6217616A20021D545 /* AnimersGhibli */,
				576558E5217616A20021D545 /* Products */,
			);
			sourceTree = "<group>";
		};
		576558E5217616A20021D545 /* Products */ = {
			isa = PBXGroup;
			children = (
				576558E4217616A20021D545 /* AnimersGhibli.app */,
			);
			name = Products;
			sourceTree = "<group>";
		};
		576558E6217616A20021D545 /* AnimersGhibli */ = {
			isa = PBXGroup;
			children = (
				576558FC21761D6F0021D545 /* APIManager.swift */,
				576558EB217616A20021D545 /* Main.storyboard */,
				57655922217E0A0A0021D545 /* Delegate */,
				576558FE21762A470021D545 /* DataFileManager.swift */,
				5765590B21776CA40021D545 /* Model */,
				57655906217758640021D545 /* Controllers */,
				576558F1217616A30021D545 /* Assets.xcassets */,
				576558F3217616A30021D545 /* LaunchScreen.storyboard */,
				576558F6217616A30021D545 /* Info.plist */,
				576558EE217616A20021D545 /* AnimersGhibli.xcdatamodeld */,
			);
			path = AnimersGhibli;
			sourceTree = "<group>";
		};
		57655906217758640021D545 /* Controllers */ = {
			isa = PBXGroup;
			children = (
				57655900217757440021D545 /* HomeViewController.swift */,
				57655902217758130021D545 /* SearchViewController.swift */,
				5765590721775B270021D545 /* CustomCollectionViewCell.swift */,
				576558E9217616A20021D545 /* CharacteristicsPeopleViewController.swift */,
				577EAA34217F6A110041CF56 /* ScoreViewController.swift */,
				5765590E2178AB000021D545 /* DetailsViewController.swift */,
				57655904217758340021D545 /* QuizViewController.swift */,
			);
			path = Controllers;
			sourceTree = "<group>";
		};
		5765590B21776CA40021D545 /* Model */ = {
			isa = PBXGroup;
			children = (
				5765590C21776EBC0021D545 /* DataStore.swift */,
				577EAA36217F6CA20041CF56 /* CoreDataManager.swift */,
				57655912217918050021D545 /* SpecieData TransferObject.swift */,
				57655916217918860021D545 /* VehicleDataTransferObject.swift */,
				57655914217918500021D545 /* LocationDataTransferObject.swift */,
				5765590921776C6C0021D545 /* MovieDataTransferObject.swift */,
				5765591E21792F750021D545 /* PeopleDataTransferObject.swift */,
			);
			path = Model;
			sourceTree = "<group>";
		};
		57655922217E0A0A0021D545 /* Delegate */ = {
			isa = PBXGroup;
			children = (
				57655920217E0A030021D545 /* LoadingScreenDelegate.swift */,
				576558E7217616A20021D545 /* AppDelegate.swift */,
			);
			path = Delegate;
			sourceTree = "<group>";
		};
/* End PBXGroup section */

/* Begin PBXNativeTarget section */
		576558E3217616A20021D545 /* AnimersGhibli */ = {
			isa = PBXNativeTarget;
			buildConfigurationList = 576558F9217616A30021D545 /* Build configuration list for PBXNativeTarget "AnimersGhibli" */;
			buildPhases = (
				576558E0217616A20021D545 /* Sources */,
				576558E1217616A20021D545 /* Frameworks */,
				576558E2217616A20021D545 /* Resources */,
			);
			buildRules = (
			);
			dependencies = (
			);
			name = AnimersGhibli;
			productName = AnimersGhibli;
			productReference = 576558E4217616A20021D545 /* AnimersGhibli.app */;
			productType = "com.apple.product-type.application";
		};
/* End PBXNativeTarget section */

/* Begin PBXProject section */
		576558DC217616A20021D545 /* Project object */ = {
			isa = PBXProject;
			attributes = {
				LastSwiftUpdateCheck = 1000;
				LastUpgradeCheck = 1000;
				ORGANIZATIONNAME = "Thalia Freitas";
				TargetAttributes = {
					576558E3217616A20021D545 = {
						CreatedOnToolsVersion = 10.0;
					};
				};
			};
			buildConfigurationList = 576558DF217616A20021D545 /* Build configuration list for PBXProject "AnimersGhibli" */;
			compatibilityVersion = "Xcode 9.3";
			developmentRegion = en;
			hasScannedForEncodings = 0;
			knownRegions = (
				en,
				Base,
			);
			mainGroup = 576558DB217616A20021D545;
			productRefGroup = 576558E5217616A20021D545 /* Products */;
			projectDirPath = "";
			projectRoot = "";
			targets = (
				576558E3217616A20021D545 /* AnimersGhibli */,
			);
		};
/* End PBXProject section */

/* Begin PBXResourcesBuildPhase section */
		576558E2217616A20021D545 /* Resources */ = {
			isa = PBXResourcesBuildPhase;
			buildActionMask = 2147483647;
			files = (
				576558F5217616A30021D545 /* LaunchScreen.storyboard in Resources */,
				576558F2217616A30021D545 /* Assets.xcassets in Resources */,
				576558ED217616A20021D545 /* Main.storyboard in Resources */,
			);
			runOnlyForDeploymentPostprocessing = 0;
		};
/* End PBXResourcesBuildPhase section */

/* Begin PBXSourcesBuildPhase section */
		576558E0217616A20021D545 /* Sources */ = {
			isa = PBXSourcesBuildPhase;
			buildActionMask = 2147483647;
			files = (
				576558FD21761D6F0021D545 /* APIManager.swift in Sources */,
				57655903217758130021D545 /* SearchViewController.swift in Sources */,
				57655915217918500021D545 /* LocationDataTransferObject.swift in Sources */,
				577EAA37217F6CA20041CF56 /* CoreDataManager.swift in Sources */,
				5765590821775B270021D545 /* CustomCollectionViewCell.swift in Sources */,
				576558FF21762A470021D545 /* DataFileManager.swift in Sources */,
				5765590D21776EBC0021D545 /* DataStore.swift in Sources */,
				5765591F21792F750021D545 /* PeopleDataTransferObject.swift in Sources */,
				57655905217758340021D545 /* QuizViewController.swift in Sources */,
				576558EA217616A20021D545 /* CharacteristicsPeopleViewController.swift in Sources */,
				57655913217918050021D545 /* SpecieData TransferObject.swift in Sources */,
				57655921217E0A030021D545 /* LoadingScreenDelegate.swift in Sources */,
				576558E8217616A20021D545 /* AppDelegate.swift in Sources */,
				576558F0217616A20021D545 /* AnimersGhibli.xcdatamodeld in Sources */,
				57655917217918860021D545 /* VehicleDataTransferObject.swift in Sources */,
				5765590A21776C6C0021D545 /* MovieDataTransferObject.swift in Sources */,
				57655901217757440021D545 /* HomeViewController.swift in Sources */,
				5765590F2178AB000021D545 /* DetailsViewController.swift in Sources */,
				577EAA35217F6A110041CF56 /* ScoreViewController.swift in Sources */,
			);
			runOnlyForDeploymentPostprocessing = 0;
		};
/* End PBXSourcesBuildPhase section */

/* Begin PBXVariantGroup section */
		576558EB217616A20021D545 /* Main.storyboard */ = {
			isa = PBXVariantGroup;
			children = (
				576558EC217616A20021D545 /* Base */,
			);
			name = Main.storyboard;
			sourceTree = "<group>";
		};
		576558F3217616A30021D545 /* LaunchScreen.storyboard */ = {
			isa = PBXVariantGroup;
			children = (
				576558F4217616A30021D545 /* Base */,
			);
			name = LaunchScreen.storyboard;
			sourceTree = "<group>";
		};
/* End PBXVariantGroup section */

/* Begin XCBuildConfiguration section */
		576558F7217616A30021D545 /* Debug */ = {
			isa = XCBuildConfiguration;
			buildSettings = {
				ALWAYS_SEARCH_USER_PATHS = NO;
				CLANG_ANALYZER_NONNULL = YES;
				CLANG_ANALYZER_NUMBER_OBJECT_CONVERSION = YES_AGGRESSIVE;
				CLANG_CXX_LANGUAGE_STANDARD = "gnu++14";
				CLANG_CXX_LIBRARY = "libc++";
				CLANG_ENABLE_MODULES = YES;
				CLANG_ENABLE_OBJC_ARC = YES;
				CLANG_ENABLE_OBJC_WEAK = YES;
				CLANG_WARN_BLOCK_CAPTURE_AUTORELEASING = YES;
				CLANG_WARN_BOOL_CONVERSION = YES;
				CLANG_WARN_COMMA = YES;
				CLANG_WARN_CONSTANT_CONVERSION = YES;
				CLANG_WARN_DEPRECATED_OBJC_IMPLEMENTATIONS = YES;
				CLANG_WARN_DIRECT_OBJC_ISA_USAGE = YES_ERROR;
				CLANG_WARN_DOCUMENTATION_COMMENTS = YES;
				CLANG_WARN_EMPTY_BODY = YES;
				CLANG_WARN_ENUM_CONVERSION = YES;
				CLANG_WARN_INFINITE_RECURSION = YES;
				CLANG_WARN_INT_CONVERSION = YES;
				CLANG_WARN_NON_LITERAL_NULL_CONVERSION = YES;
				CLANG_WARN_OBJC_IMPLICIT_RETAIN_SELF = YES;
				CLANG_WARN_OBJC_LITERAL_CONVERSION = YES;
				CLANG_WARN_OBJC_ROOT_CLASS = YES_ERROR;
				CLANG_WARN_RANGE_LOOP_ANALYSIS = YES;
				CLANG_WARN_STRICT_PROTOTYPES = YES;
				CLANG_WARN_SUSPICIOUS_MOVE = YES;
				CLANG_WARN_UNGUARDED_AVAILABILITY = YES_AGGRESSIVE;
				CLANG_WARN_UNREACHABLE_CODE = YES;
				CLANG_WARN__DUPLICATE_METHOD_MATCH = YES;
				CODE_SIGN_IDENTITY = "iPhone Developer";
				COPY_PHASE_STRIP = NO;
				DEBUG_INFORMATION_FORMAT = dwarf;
				ENABLE_STRICT_OBJC_MSGSEND = YES;
				ENABLE_TESTABILITY = YES;
				GCC_C_LANGUAGE_STANDARD = gnu11;
				GCC_DYNAMIC_NO_PIC = NO;
				GCC_NO_COMMON_BLOCKS = YES;
				GCC_OPTIMIZATION_LEVEL = 0;
				GCC_PREPROCESSOR_DEFINITIONS = (
					"DEBUG=1",
					"$(inherited)",
				);
				GCC_WARN_64_TO_32_BIT_CONVERSION = YES;
				GCC_WARN_ABOUT_RETURN_TYPE = YES_ERROR;
				GCC_WARN_UNDECLARED_SELECTOR = YES;
				GCC_WARN_UNINITIALIZED_AUTOS = YES_AGGRESSIVE;
				GCC_WARN_UNUSED_FUNCTION = YES;
				GCC_WARN_UNUSED_VARIABLE = YES;
				IPHONEOS_DEPLOYMENT_TARGET = 12.0;
				MTL_ENABLE_DEBUG_INFO = INCLUDE_SOURCE;
				MTL_FAST_MATH = YES;
				ONLY_ACTIVE_ARCH = YES;
				SDKROOT = iphoneos;
				SWIFT_ACTIVE_COMPILATION_CONDITIONS = DEBUG;
				SWIFT_OPTIMIZATION_LEVEL = "-Onone";
			};
			name = Debug;
		};
		576558F8217616A30021D545 /* Release */ = {
			isa = XCBuildConfiguration;
			buildSettings = {
				ALWAYS_SEARCH_USER_PATHS = NO;
				CLANG_ANALYZER_NONNULL = YES;
				CLANG_ANALYZER_NUMBER_OBJECT_CONVERSION = YES_AGGRESSIVE;
				CLANG_CXX_LANGUAGE_STANDARD = "gnu++14";
				CLANG_CXX_LIBRARY = "libc++";
				CLANG_ENABLE_MODULES = YES;
				CLANG_ENABLE_OBJC_ARC = YES;
				CLANG_ENABLE_OBJC_WEAK = YES;
				CLANG_WARN_BLOCK_CAPTURE_AUTORELEASING = YES;
				CLANG_WARN_BOOL_CONVERSION = YES;
				CLANG_WARN_COMMA = YES;
				CLANG_WARN_CONSTANT_CONVERSION = YES;
				CLANG_WARN_DEPRECATED_OBJC_IMPLEMENTATIONS = YES;
				CLANG_WARN_DIRECT_OBJC_ISA_USAGE = YES_ERROR;
				CLANG_WARN_DOCUMENTATION_COMMENTS = YES;
				CLANG_WARN_EMPTY_BODY = YES;
				CLANG_WARN_ENUM_CONVERSION = YES;
				CLANG_WARN_INFINITE_RECURSION = YES;
				CLANG_WARN_INT_CONVERSION = YES;
				CLANG_WARN_NON_LITERAL_NULL_CONVERSION = YES;
				CLANG_WARN_OBJC_IMPLICIT_RETAIN_SELF = YES;
				CLANG_WARN_OBJC_LITERAL_CONVERSION = YES;
				CLANG_WARN_OBJC_ROOT_CLASS = YES_ERROR;
				CLANG_WARN_RANGE_LOOP_ANALYSIS = YES;
				CLANG_WARN_STRICT_PROTOTYPES = YES;
				CLANG_WARN_SUSPICIOUS_MOVE = YES;
				CLANG_WARN_UNGUARDED_AVAILABILITY = YES_AGGRESSIVE;
				CLANG_WARN_UNREACHABLE_CODE = YES;
				CLANG_WARN__DUPLICATE_METHOD_MATCH = YES;
				CODE_SIGN_IDENTITY = "iPhone Developer";
				COPY_PHASE_STRIP = NO;
				DEBUG_INFORMATION_FORMAT = "dwarf-with-dsym";
				ENABLE_NS_ASSERTIONS = NO;
				ENABLE_STRICT_OBJC_MSGSEND = YES;
				GCC_C_LANGUAGE_STANDARD = gnu11;
				GCC_NO_COMMON_BLOCKS = YES;
				GCC_WARN_64_TO_32_BIT_CONVERSION = YES;
				GCC_WARN_ABOUT_RETURN_TYPE = YES_ERROR;
				GCC_WARN_UNDECLARED_SELECTOR = YES;
				GCC_WARN_UNINITIALIZED_AUTOS = YES_AGGRESSIVE;
				GCC_WARN_UNUSED_FUNCTION = YES;
				GCC_WARN_UNUSED_VARIABLE = YES;
				IPHONEOS_DEPLOYMENT_TARGET = 12.0;
				MTL_ENABLE_DEBUG_INFO = NO;
				MTL_FAST_MATH = YES;
				SDKROOT = iphoneos;
				SWIFT_COMPILATION_MODE = wholemodule;
				SWIFT_OPTIMIZATION_LEVEL = "-O";
				VALIDATE_PRODUCT = YES;
			};
			name = Release;
		};
		576558FA217616A30021D545 /* Debug */ = {
			isa = XCBuildConfiguration;
			buildSettings = {
				ASSETCATALOG_COMPILER_APPICON_NAME = AppIcon;
				CODE_SIGN_STYLE = Automatic;
				DEVELOPMENT_TEAM = 7ZRHSKUH65;
				INFOPLIST_FILE = AnimersGhibli/Info.plist;
				LD_RUNPATH_SEARCH_PATHS = (
					"$(inherited)",
					"@executable_path/Frameworks",
				);
				PRODUCT_BUNDLE_IDENTIFIER = com.thalia.AnimersGhibli;
				PRODUCT_NAME = "$(TARGET_NAME)";
				SWIFT_VERSION = 4.2;
				TARGETED_DEVICE_FAMILY = "1,2";
			};
			name = Debug;
		};
		576558FB217616A30021D545 /* Release */ = {
			isa = XCBuildConfiguration;
			buildSettings = {
				ASSETCATALOG_COMPILER_APPICON_NAME = AppIcon;
				CODE_SIGN_STYLE = Automatic;
				DEVELOPMENT_TEAM = 7ZRHSKUH65;
				INFOPLIST_FILE = AnimersGhibli/Info.plist;
				LD_RUNPATH_SEARCH_PATHS = (
					"$(inherited)",
					"@executable_path/Frameworks",
				);
				PRODUCT_BUNDLE_IDENTIFIER = com.thalia.AnimersGhibli;
				PRODUCT_NAME = "$(TARGET_NAME)";
				SWIFT_VERSION = 4.2;
				TARGETED_DEVICE_FAMILY = "1,2";
			};
			name = Release;
		};
/* End XCBuildConfiguration section */

/* Begin XCConfigurationList section */
		576558DF217616A20021D545 /* Build configuration list for PBXProject "AnimersGhibli" */ = {
			isa = XCConfigurationList;
			buildConfigurations = (
				576558F7217616A30021D545 /* Debug */,
				576558F8217616A30021D545 /* Release */,
			);
			defaultConfigurationIsVisible = 0;
			defaultConfigurationName = Release;
		};
		576558F9217616A30021D545 /* Build configuration list for PBXNativeTarget "AnimersGhibli" */ = {
			isa = XCConfigurationList;
			buildConfigurations = (
				576558FA217616A30021D545 /* Debug */,
				576558FB217616A30021D545 /* Release */,
			);
			defaultConfigurationIsVisible = 0;
			defaultConfigurationName = Release;
		};
/* End XCConfigurationList section */

/* Begin XCVersionGroup section */
		576558EE217616A20021D545 /* AnimersGhibli.xcdatamodeld */ = {
			isa = XCVersionGroup;
			children = (
				576558EF217616A20021D545 /* AnimersGhibli.xcdatamodel */,
			);
			currentVersion = 576558EF217616A20021D545 /* AnimersGhibli.xcdatamodel */;
			path = AnimersGhibli.xcdatamodeld;
			sourceTree = "<group>";
			versionGroupType = wrapper.xcdatamodel;
		};
/* End XCVersionGroup section */
	};
	rootObject = 576558DC217616A20021D545 /* Project object */;
}
